
Microsoft Visual Studio Solution File, Format Version 12.00
# Visual Studio 15
VisualStudioVersion = 15.0.27004.2002
MinimumVisualStudioVersion = 10.0.40219.1
Project("{FAE04EC0-301F-11D3-BF4B-00C04F79EFBC}") = "Equals-GetterSetters", "ConsoleApp3\Equals-GetterSetters.csproj", "{EBC8FBE9-06B6-4425-9FEF-BA8EFBDCB447}"
EndProject
Global
	GlobalSection(SolutionConfigurationPlatforms) = preSolution
		Debug|Any CPU = Debug|Any CPU
		Release|Any CPU = Release|Any CPU
	EndGlobalSection
	GlobalSection(ProjectConfigurationPlatforms) = postSolution
		{EBC8FBE9-06B6-4425-9FEF-BA8EFBDCB447}.Debug|Any CPU.ActiveCfg = Debug|Any CPU
		{EBC8FBE9-06B6-4425-9FEF-BA8EFBDCB447}.Debug|Any CPU.Build.0 = Debug|Any CPU
		{EBC8FBE9-06B6-4425-9FEF-BA8EFBDCB447}.Release|Any CPU.ActiveCfg = Release|Any CPU
		{EBC8FBE9-06B6-4425-9FEF-BA8EFBDCB447}.Release|Any CPU.Build.0 = Release|Any CPU
	EndGlobalSection
	GlobalSection(SolutionProperties) = preSolution
		HideSolutionNode = FALSE
	EndGlobalSection
	GlobalSection(ExtensibilityGlobals) = postSolution
		SolutionGuid = {C47F2C07-6B54-4027-8825-A70447353DEF}
	EndGlobalSection
EndGlobal
