
Microsoft Visual Studio Solution File, Format Version 12.00
# Visual Studio 15
VisualStudioVersion = 15.0.27004.2002
MinimumVisualStudioVersion = 10.0.40219.1
Project("{FAE04EC0-301F-11D3-BF4B-00C04F79EFBC}") = "OrientadoObjetos", "OrientadoObjetos\OrientadoObjetos.csproj", "{0C7B1DF7-FC8D-4084-8E04-C30D5EB61547}"
EndProject
Global
	GlobalSection(SolutionConfigurationPlatforms) = preSolution
		Debug|Any CPU = Debug|Any CPU
		Release|Any CPU = Release|Any CPU
	EndGlobalSection
	GlobalSection(ProjectConfigurationPlatforms) = postSolution
		{0C7B1DF7-FC8D-4084-8E04-C30D5EB61547}.Debug|Any CPU.ActiveCfg = Debug|Any CPU
		{0C7B1DF7-FC8D-4084-8E04-C30D5EB61547}.Debug|Any CPU.Build.0 = Debug|Any CPU
		{0C7B1DF7-FC8D-4084-8E04-C30D5EB61547}.Release|Any CPU.ActiveCfg = Release|Any CPU
		{0C7B1DF7-FC8D-4084-8E04-C30D5EB61547}.Release|Any CPU.Build.0 = Release|Any CPU
	EndGlobalSection
	GlobalSection(SolutionProperties) = preSolution
		HideSolutionNode = FALSE
	EndGlobalSection
	GlobalSection(ExtensibilityGlobals) = postSolution
		SolutionGuid = {78AE0D0C-E65F-4549-8A2A-DC8F70AC50B5}
	EndGlobalSection
EndGlobal
